[[package]]
name = "atomicwrites"
version = "1.4.0"
description = "Atomic file writes."
category = "dev"
optional = false
python-versions = ">=2.7, !=3.0.*, !=3.1.*, !=3.2.*, !=3.3.*"

[[package]]
name = "attrs"
version = "21.4.0"
description = "Classes Without Boilerplate"
category = "dev"
optional = false
python-versions = ">=2.7, !=3.0.*, !=3.1.*, !=3.2.*, !=3.3.*, !=3.4.*"

[package.extras]
dev = ["coverage[toml] (>=5.0.2)", "hypothesis", "pympler", "pytest (>=4.3.0)", "six", "mypy", "pytest-mypy-plugins", "zope.interface", "furo", "sphinx", "sphinx-notfound-page", "pre-commit", "cloudpickle"]
docs = ["furo", "sphinx", "zope.interface", "sphinx-notfound-page"]
tests = ["coverage[toml] (>=5.0.2)", "hypothesis", "pympler", "pytest (>=4.3.0)", "six", "mypy", "pytest-mypy-plugins", "zope.interface", "cloudpickle"]
tests_no_zope = ["coverage[toml] (>=5.0.2)", "hypothesis", "pympler", "pytest (>=4.3.0)", "six", "mypy", "pytest-mypy-plugins", "cloudpickle"]

[[package]]
name = "boto3"
version = "1.21.41"
description = "The AWS SDK for Python"
category = "dev"
optional = false
python-versions = ">= 3.6"

[package.dependencies]
botocore = ">=1.24.41,<1.25.0"
jmespath = ">=0.7.1,<2.0.0"
s3transfer = ">=0.5.0,<0.6.0"

[package.extras]
crt = ["botocore[crt] (>=1.21.0,<2.0a0)"]

[[package]]
name = "botocore"
version = "1.24.41"
description = "Low-level, data-driven core of boto 3."
category = "dev"
optional = false
python-versions = ">= 3.6"

[package.dependencies]
jmespath = ">=0.7.1,<2.0.0"
python-dateutil = ">=2.1,<3.0.0"
urllib3 = ">=1.25.4,<1.27"

[package.extras]
crt = ["awscrt (==0.13.8)"]

[[package]]
name = "cachetools"
version = "3.1.1"
description = "Extensible memoizing collections and decorators"
category = "dev"
optional = false
python-versions = "*"

[[package]]
name = "certifi"
version = "2021.10.8"
description = "Python package for providing Mozilla's CA Bundle."
category = "dev"
optional = false
python-versions = "*"

[[package]]
name = "chardet"
version = "4.0.0"
description = "Universal encoding detector for Python 2 and 3"
category = "dev"
optional = false
python-versions = ">=2.7, !=3.0.*, !=3.1.*, !=3.2.*, !=3.3.*, !=3.4.*"

[[package]]
name = "click"
version = "8.1.2"
description = "Composable command line interface toolkit"
category = "dev"
optional = false
python-versions = ">=3.7"

[package.dependencies]
colorama = {version = "*", markers = "platform_system == \"Windows\""}

[[package]]
name = "colorama"
version = "0.4.4"
description = "Cross-platform colored terminal text."
category = "dev"
optional = false
python-versions = ">=2.7, !=3.0.*, !=3.1.*, !=3.2.*, !=3.3.*, !=3.4.*"

[[package]]
name = "commonmark"
version = "0.9.1"
description = "Python parser for the CommonMark Markdown spec"
category = "dev"
optional = false
python-versions = "*"

[package.extras]
test = ["flake8 (==3.7.8)", "hypothesis (==3.55.3)"]

[[package]]
name = "deepdiff"
version = "5.8.0"
description = "Deep Difference and Search of any Python object/data."
category = "dev"
optional = false
python-versions = ">=3.6"

[package.dependencies]
ordered-set = ">=4.1.0,<4.2.0"

[package.extras]
cli = ["click (==8.0.3)", "pyyaml (==5.4.1)", "toml (==0.10.2)", "clevercsv (==0.7.1)"]

[[package]]
name = "dill"
version = "0.3.2"
description = "serialize all of python"
category = "dev"
optional = false
python-versions = ">=2.6, !=3.0.*"

[package.extras]
graph = ["objgraph (>=1.7.2)"]

[[package]]
name = "dnslib"
version = "0.9.19"
description = "Simple library to encode/decode DNS wire-format packets"
category = "dev"
optional = false
python-versions = "*"

[[package]]
name = "dnspython"
version = "2.2.1"
description = "DNS toolkit"
category = "dev"
optional = false
python-versions = ">=3.6,<4.0"

[package.extras]
dnssec = ["cryptography (>=2.6,<37.0)"]
curio = ["curio (>=1.2,<2.0)", "sniffio (>=1.1,<2.0)"]
doh = ["h2 (>=4.1.0)", "httpx (>=0.21.1)", "requests (>=2.23.0,<3.0.0)", "requests-toolbelt (>=0.9.1,<0.10.0)"]
idna = ["idna (>=2.1,<4.0)"]
trio = ["trio (>=0.14,<0.20)"]
wmi = ["wmi (>=1.5.1,<2.0.0)"]

[[package]]
name = "idna"
version = "2.10"
description = "Internationalized Domain Names in Applications (IDNA)"
category = "dev"
optional = false
python-versions = ">=2.7, !=3.0.*, !=3.1.*, !=3.2.*, !=3.3.*"

[[package]]
name = "jmespath"
version = "1.0.0"
description = "JSON Matching Expressions"
category = "dev"
optional = false
python-versions = ">=3.7"

[[package]]
name = "localstack"
version = "0.14.2.1"
description = "LocalStack - A fully functional local Cloud stack"
category = "dev"
optional = false
python-versions = "*"

[package.dependencies]
boto3 = ">=1.20"
cachetools = ">=3.1.1,<4.0.0"
click = ">=7.0"
localstack-client = ">=1.31"
localstack-ext = ">=0.14.1"
plux = ">=1.3.1"
psutil = ">=5.4.8,<6.0.0"
python-dotenv = ">=0.19.1"
pyyaml = ">=5.1"
requests = ">=2.20.0,<2.26"
rich = ">=10.7.0"
semver = ">=2.10"
stevedore = ">=3.4.0"
tailer = ">=0.4.1"

[package.extras]
dev = ["black (==22.3.0)", "coveralls (==3.1.0)", "cython", "flake8 (>=3.6.0)", "flake8-black (==0.3.2)", "flake8-isort (>=4.0.0)", "flake8-quotes (>=0.11.0)", "pre-commit (==2.13.0)", "pyproject-flake8", "isort (==5.9.1)", "pandoc", "pypandoc", "autoflake"]
full = ["airspeed (==0.5.19)", "amazon-kclpy-ext (==1.5.1)", "aws-sam-translator (>=1.15.1)", "awscli (>=1.14.18)", "boto (>=2.49.0)", "botocore (>=1.12.13)", "cbor2 (>=5.2.0)", "crontab (>=0.22.6)", "cryptography", "docker (==5.0.0)", "flask (>=1.0.2)", "flask-cors (>=3.0.3,<3.1.0)", "flask-swagger (==0.2.12)", "jsonpatch (>=1.24,<2.0)", "jsonpath-rw (>=1.4.0,<2.0.0)", "localstack-ext[runtime] (>=0.14.1)", "moto-ext[all] (==3.1.2)", "opensearch-py (>=1.0.0)", "pproxy (>=2.7.0)", "pyopenssl (>=21.0.0)", "Quart (>=0.6.15)", "readerwriterlock (>=1.0.7)", "requests-aws4auth (==0.9)", "Werkzeug (>=2.0,<2.1.0)", "xmltodict (>=0.11.0)"]
runtime = ["airspeed (==0.5.19)", "amazon-kclpy-ext (==1.5.1)", "aws-sam-translator (>=1.15.1)", "awscli (>=1.14.18)", "boto (>=2.49.0)", "botocore (>=1.12.13)", "cbor2 (>=5.2.0)", "crontab (>=0.22.6)", "cryptography", "docker (==5.0.0)", "flask (>=1.0.2)", "flask-cors (>=3.0.3,<3.1.0)", "flask-swagger (==0.2.12)", "jsonpatch (>=1.24,<2.0)", "jsonpath-rw (>=1.4.0,<2.0.0)", "localstack-ext[runtime] (>=0.14.1)", "moto-ext[all] (==3.1.2)", "opensearch-py (>=1.0.0)", "pproxy (>=2.7.0)", "pyopenssl (>=21.0.0)", "Quart (>=0.6.15)", "readerwriterlock (>=1.0.7)", "requests-aws4auth (==0.9)", "Werkzeug (>=2.0,<2.1.0)", "xmltodict (>=0.11.0)"]
test = ["pytest (==6.2.4)", "pytest-httpserver (>=1.0.1)", "pytest-rerunfailures (==10.0)", "coverage[toml] (>=5.5)"]

[[package]]
name = "localstack-client"
version = "1.35"
description = "A lightweight Python client for LocalStack."
category = "dev"
optional = false
python-versions = "*"

[package.dependencies]
boto3 = "*"

[package.extras]
test = ["coverage", "pycodestyle", "nose", "localstack"]

[[package]]
name = "localstack-ext"
version = "0.14.2.2"
description = "Extensions for LocalStack"
category = "dev"
optional = false
python-versions = "*"

[package.dependencies]
deepdiff = ">=5.5.0"
dill = "0.3.2"
dnslib = ">=0.9.10"
dnspython = ">=1.16.0"
localstack = ">=0.14.1"
plux = ">=1.3.1"
pyaes = ">=1.6.0"
requests = ">=2.20.0,<2.26"
tabulate = "*"

[package.extras]
full = ["amazon.ion (==0.8)", "aws-encryption-sdk (>=3.1.0)", "dirtyjson (==1.0.7)", "docker-registry-client (>=0.5.2)", "docker (==5.0.0)", "dulwich (>=0.19.16)", "flask (>=1.0.2)", "graphql-core (>=3.0.3)", "janus (>=0.5.0)", "Js2Py (>=0.71)", "kafka-python", "kubernetes (==21.7.0)", "localstack[full] (>=0.14.1)", "moto-ext[all] (>=3.0.6)", "paho-mqtt (>=1.5)", "parse (==1.19.0)", "parquet (>=1.3.1)", "pg8000 (>=1.10)", "postgres (>=2.2.2)", "postgresql-proxy (>=0.0.1)", "presto-python-client (>=0.7.0)", "pyftpdlib (>=1.5.6)", "pyhive[hive] (>=0.6.1)", "pyion2json (>=0.0.2)", "PyJWT (>=1.7.0)", "pyqldb (>=3.2,<4.0)", "python-snappy (>=0.6)", "readerwriterlock (>=1.0.7)", "rsa (>=4.0)", "srp-ext (==1.0.7.1)", "testing.common.database (>=1.1.0)", "tornado (>=6.0)", "warrant-ext (>=0.6.2)", "websockets (>=8.1)", "Whoosh (>=2.7.4)"]
package = ["pyminifier-ls"]
runtime = ["amazon.ion (==0.8)", "aws-encryption-sdk (>=3.1.0)", "dirtyjson (==1.0.7)", "docker-registry-client (>=0.5.2)", "docker (==5.0.0)", "dulwich (>=0.19.16)", "flask (>=1.0.2)", "graphql-core (>=3.0.3)", "janus (>=0.5.0)", "Js2Py (>=0.71)", "kafka-python", "kubernetes (==21.7.0)", "localstack[full] (>=0.14.1)", "moto-ext[all] (>=3.0.6)", "paho-mqtt (>=1.5)", "parse (==1.19.0)", "parquet (>=1.3.1)", "pg8000 (>=1.10)", "postgres (>=2.2.2)", "postgresql-proxy (>=0.0.1)", "presto-python-client (>=0.7.0)", "pyftpdlib (>=1.5.6)", "pyhive[hive] (>=0.6.1)", "pyion2json (>=0.0.2)", "PyJWT (>=1.7.0)", "pyqldb (>=3.2,<4.0)", "python-snappy (>=0.6)", "readerwriterlock (>=1.0.7)", "rsa (>=4.0)", "srp-ext (==1.0.7.1)", "testing.common.database (>=1.1.0)", "tornado (>=6.0)", "warrant-ext (>=0.6.2)", "websockets (>=8.1)", "Whoosh (>=2.7.4)"]
test = ["aiohttp", "appdirs", "aws_xray_sdk (>=2.4.2)", "azure-common (>=1.1.26)", "azure-core (>=1.9.0)", "azure-devops (>=6.0.0b4)", "azure-functions (>=1.5.0)", "azure-identity (>=1.5.0)", "azure-mgmt-core (>=1.2.2)", "azure-mgmt-storage (>=16.0.0)", "azure-mgmt-web (>=1.0.0)", "azure-servicebus (>=7.0.1)", "azure-storage-blob (>=12.3.0)", "azure-storage-queue (>=12.1.1)", "black (==22.3.0)", "coverage[toml] (>=5.0.0)", "coveralls", "flake8-black (==0.3.2)", "flake8-isort (>=4.0.0)", "flake8-quotes (>=0.11.0)", "flake8 (==3.9.2)", "gremlinpython (==3.5.1)", "isort (==5.9.1)", "jws (>=0.1.3)", "msal", "msal-extensions", "msrest", "nest-asyncio (>=1.4.1)", "paramiko (>=2.10.2,<2.11.0)", "portalocker", "pre-commit (==2.13.0)", "pyarrow", "pykafka", "pymongo", "pymysql", "pyproject-flake8", "pytest-dependency (==0.5.1)", "pytest-httpserver (>=1.0.1)", "pytest-rerunfailures (==10.0)", "pytest (==6.2.4)", "redis (==3.3.7)", "Js2Py (>=0.71)"]

[[package]]
name = "more-itertools"
version = "8.12.0"
description = "More routines for operating on iterables, beyond itertools"
category = "dev"
optional = false
python-versions = ">=3.5"

[[package]]
name = "ordered-set"
version = "4.1.0"
description = "An OrderedSet is a custom MutableSet that remembers its order, so that every"
category = "dev"
optional = false
python-versions = ">=3.7"

[package.extras]
dev = ["pytest", "black", "mypy"]

[[package]]
name = "packaging"
version = "21.3"
description = "Core utilities for Python packages"
category = "dev"
optional = false
python-versions = ">=3.6"

[package.dependencies]
pyparsing = ">=2.0.2,<3.0.5 || >3.0.5"

[[package]]
name = "pbr"
version = "5.8.1"
description = "Python Build Reasonableness"
category = "dev"
optional = false
python-versions = ">=2.6"

[[package]]
name = "pluggy"
version = "0.13.1"
description = "plugin and hook calling mechanisms for python"
category = "dev"
optional = false
python-versions = ">=2.7, !=3.0.*, !=3.1.*, !=3.2.*, !=3.3.*"

[package.extras]
dev = ["pre-commit", "tox"]

[[package]]
name = "plux"
version = "1.3.1"
description = "A dynamic code loading framework for building pluggable Python distributions"
category = "dev"
optional = false
python-versions = "*"

[package.dependencies]
stevedore = ">=3.4"

[package.extras]
dev = ["black (==21.6b0)", "isort (==5.9.1)", "pytest (==6.2.4)"]

[[package]]
name = "psutil"
version = "5.9.0"
description = "Cross-platform lib for process and system monitoring in Python."
category = "dev"
optional = false
python-versions = ">=2.6, !=3.0.*, !=3.1.*, !=3.2.*, !=3.3.*"

[package.extras]
test = ["ipaddress", "mock", "unittest2", "enum34", "pywin32", "wmi"]

[[package]]
name = "py"
version = "1.11.0"
description = "library with cross-python path, ini-parsing, io, code, log facilities"
category = "dev"
optional = false
python-versions = ">=2.7, !=3.0.*, !=3.1.*, !=3.2.*, !=3.3.*, !=3.4.*"

[[package]]
name = "pyaes"
version = "1.6.1"
description = "Pure-Python Implementation of the AES block-cipher and common modes of operation"
category = "dev"
optional = false
python-versions = "*"

[[package]]
name = "pygments"
version = "2.11.2"
description = "Pygments is a syntax highlighting package written in Python."
category = "dev"
optional = false
python-versions = ">=3.5"

[[package]]
name = "pyparsing"
version = "3.0.8"
description = "pyparsing module - Classes and methods to define and execute parsing grammars"
category = "dev"
optional = false
python-versions = ">=3.6.8"

[package.extras]
diagrams = ["railroad-diagrams", "jinja2"]

[[package]]
name = "pytest"
version = "5.4.3"
description = "pytest: simple powerful testing with Python"
category = "dev"
optional = false
python-versions = ">=3.5"

[package.dependencies]
atomicwrites = {version = ">=1.0", markers = "sys_platform == \"win32\""}
attrs = ">=17.4.0"
colorama = {version = "*", markers = "sys_platform == \"win32\""}
more-itertools = ">=4.0.0"
packaging = "*"
pluggy = ">=0.12,<1.0"
py = ">=1.5.0"
wcwidth = "*"

[package.extras]
checkqa-mypy = ["mypy (==v0.761)"]
testing = ["argcomplete", "hypothesis (>=3.56)", "mock", "nose", "requests", "xmlschema"]

[[package]]
name = "python-dateutil"
version = "2.8.2"
description = "Extensions to the standard Python datetime module"
category = "dev"
optional = false
python-versions = "!=3.0.*,!=3.1.*,!=3.2.*,>=2.7"

[package.dependencies]
six = ">=1.5"

[[package]]
name = "python-dotenv"
version = "0.20.0"
description = "Read key-value pairs from a .env file and set them as environment variables"
category = "dev"
optional = false
python-versions = ">=3.5"

[package.extras]
cli = ["click (>=5.0)"]

[[package]]
name = "pyyaml"
version = "6.0"
description = "YAML parser and emitter for Python"
category = "dev"
optional = false
python-versions = ">=3.6"

[[package]]
name = "requests"
version = "2.25.1"
description = "Python HTTP for Humans."
category = "dev"
optional = false
python-versions = ">=2.7, !=3.0.*, !=3.1.*, !=3.2.*, !=3.3.*, !=3.4.*"

[package.dependencies]
certifi = ">=2017.4.17"
chardet = ">=3.0.2,<5"
idna = ">=2.5,<3"
urllib3 = ">=1.21.1,<1.27"

[package.extras]
security = ["pyOpenSSL (>=0.14)", "cryptography (>=1.3.4)"]
socks = ["PySocks (>=1.5.6,!=1.5.7)", "win-inet-pton"]

[[package]]
name = "rich"
version = "12.2.0"
description = "Render rich text, tables, progress bars, syntax highlighting, markdown and more to the terminal"
category = "dev"
optional = false
python-versions = ">=3.6.3,<4.0.0"

[package.dependencies]
commonmark = ">=0.9.0,<0.10.0"
pygments = ">=2.6.0,<3.0.0"
typing-extensions = {version = ">=4.0.0,<5.0", markers = "python_version < \"3.9\""}

[package.extras]
jupyter = ["ipywidgets (>=7.5.1,<8.0.0)"]

[[package]]
name = "s3transfer"
version = "0.5.2"
description = "An Amazon S3 Transfer Manager"
category = "dev"
optional = false
python-versions = ">= 3.6"

[package.dependencies]
botocore = ">=1.12.36,<2.0a.0"

[package.extras]
crt = ["botocore[crt] (>=1.20.29,<2.0a.0)"]

[[package]]
name = "semver"
version = "2.13.0"
description = "Python helper for Semantic Versioning (http://semver.org/)"
category = "dev"
optional = false
python-versions = ">=2.7, !=3.0.*, !=3.1.*, !=3.2.*, !=3.3.*"

[[package]]
name = "six"
version = "1.16.0"
description = "Python 2 and 3 compatibility utilities"
category = "dev"
optional = false
python-versions = ">=2.7, !=3.0.*, !=3.1.*, !=3.2.*"

[[package]]
name = "stevedore"
version = "3.5.0"
description = "Manage dynamic plugins for Python applications"
category = "dev"
optional = false
python-versions = ">=3.6"

[package.dependencies]
pbr = ">=2.0.0,<2.1.0 || >2.1.0"

[[package]]
name = "tabulate"
version = "0.8.9"
description = "Pretty-print tabular data"
category = "dev"
optional = false
python-versions = "*"

[package.extras]
widechars = ["wcwidth"]

[[package]]
name = "tailer"
version = "0.4.1"
description = "Python tail is a simple implementation of GNU tail and head."
category = "dev"
optional = false
python-versions = "*"

[[package]]
name = "typing-extensions"
version = "4.1.1"
description = "Backported and Experimental Type Hints for Python 3.6+"
category = "dev"
optional = false
python-versions = ">=3.6"

[[package]]
name = "urllib3"
version = "1.26.9"
description = "HTTP library with thread-safe connection pooling, file post, and more."
category = "dev"
optional = false
python-versions = ">=2.7, !=3.0.*, !=3.1.*, !=3.2.*, !=3.3.*, !=3.4.*, <4"

[package.extras]
brotli = ["brotlicffi (>=0.8.0)", "brotli (>=1.0.9)", "brotlipy (>=0.6.0)"]
secure = ["pyOpenSSL (>=0.14)", "cryptography (>=1.3.4)", "idna (>=2.0.0)", "certifi", "ipaddress"]
socks = ["PySocks (>=1.5.6,!=1.5.7,<2.0)"]

[[package]]
name = "wcwidth"
version = "0.2.5"
description = "Measures the displayed width of unicode strings in a terminal"
category = "dev"
optional = false
python-versions = "*"

[metadata]
lock-version = "1.1"
python-versions = "^3.8"
content-hash = "81457d2254171e971548dc32428e12b282f785dac8f93846e33ceddbbd9fc611"

[metadata.files]
atomicwrites = [
    {file = "atomicwrites-1.4.0-py2.py3-none-any.whl", hash = "sha256:6d1784dea7c0c8d4a5172b6c620f40b6e4cbfdf96d783691f2e1302a7b88e197"},
    {file = "atomicwrites-1.4.0.tar.gz", hash = "sha256:ae70396ad1a434f9c7046fd2dd196fc04b12f9e91ffb859164193be8b6168a7a"},
]
attrs = [
    {file = "attrs-21.4.0-py2.py3-none-any.whl", hash = "sha256:2d27e3784d7a565d36ab851fe94887c5eccd6a463168875832a1be79c82828b4"},
    {file = "attrs-21.4.0.tar.gz", hash = "sha256:626ba8234211db98e869df76230a137c4c40a12d72445c45d5f5b716f076e2fd"},
]
boto3 = [
    {file = "boto3-1.21.41-py3-none-any.whl", hash = "sha256:3b5a3c701bb9b48e145723c1a72d2752fa3613f6e5aaf0660ef605bf13f82bb4"},
    {file = "boto3-1.21.41.tar.gz", hash = "sha256:986aa67e577b44b65a6cc42bfd74593e6d95e2dbc0b0c37e358f2253b00542db"},
]
botocore = [
    {file = "botocore-1.24.41-py3-none-any.whl", hash = "sha256:65be3e46bb10056c7e6407303928c649e7ea8a01e0e3f449d5cbb6b73f8146e0"},
    {file = "botocore-1.24.41.tar.gz", hash = "sha256:57ed9843e5b6a74f82530b31dc622c8042b1c62a5ca9d46e92d2b4366450039b"},
]
cachetools = [
    {file = "cachetools-3.1.1-py2.py3-none-any.whl", hash = "sha256:428266a1c0d36dc5aca63a2d7c5942e88c2c898d72139fca0e97fdd2380517ae"},
    {file = "cachetools-3.1.1.tar.gz", hash = "sha256:8ea2d3ce97850f31e4a08b0e2b5e6c34997d7216a9d2c98e0f3978630d4da69a"},
]
certifi = [
    {file = "certifi-2021.10.8-py2.py3-none-any.whl", hash = "sha256:d62a0163eb4c2344ac042ab2bdf75399a71a2d8c7d47eac2e2ee91b9d6339569"},
    {file = "certifi-2021.10.8.tar.gz", hash = "sha256:78884e7c1d4b00ce3cea67b44566851c4343c120abd683433ce934a68ea58872"},
]
chardet = [
    {file = "chardet-4.0.0-py2.py3-none-any.whl", hash = "sha256:f864054d66fd9118f2e67044ac8981a54775ec5b67aed0441892edb553d21da5"},
    {file = "chardet-4.0.0.tar.gz", hash = "sha256:0d6f53a15db4120f2b08c94f11e7d93d2c911ee118b6b30a04ec3ee8310179fa"},
]
click = [
    {file = "click-8.1.2-py3-none-any.whl", hash = "sha256:24e1a4a9ec5bf6299411369b208c1df2188d9eb8d916302fe6bf03faed227f1e"},
    {file = "click-8.1.2.tar.gz", hash = "sha256:479707fe14d9ec9a0757618b7a100a0ae4c4e236fac5b7f80ca68028141a1a72"},
]
colorama = [
    {file = "colorama-0.4.4-py2.py3-none-any.whl", hash = "sha256:9f47eda37229f68eee03b24b9748937c7dc3868f906e8ba69fbcbdd3bc5dc3e2"},
    {file = "colorama-0.4.4.tar.gz", hash = "sha256:5941b2b48a20143d2267e95b1c2a7603ce057ee39fd88e7329b0c292aa16869b"},
]
commonmark = [
    {file = "commonmark-0.9.1-py2.py3-none-any.whl", hash = "sha256:da2f38c92590f83de410ba1a3cbceafbc74fee9def35f9251ba9a971d6d66fd9"},
    {file = "commonmark-0.9.1.tar.gz", hash = "sha256:452f9dc859be7f06631ddcb328b6919c67984aca654e5fefb3914d54691aed60"},
]
deepdiff = [
    {file = "deepdiff-5.8.0-py3-none-any.whl", hash = "sha256:6b71714a6a5fb4cd6ab74c97f53303029118f96128082422342a9129a5f25c8f"},
    {file = "deepdiff-5.8.0.tar.gz", hash = "sha256:7e641c0cd6429c9e1b64a07b8f7713382a5626afe18c72bcafa8a4343c05c701"},
]
dill = [
    {file = "dill-0.3.2.zip", hash = "sha256:6e12da0d8e49c220e8d6e97ee8882002e624f1160289ce85ec2cc0a5246b3a2e"},
]
dnslib = [
    {file = "dnslib-0.9.19.tar.gz", hash = "sha256:a6e36ca96c289e2cb4ac6aa05c037cbef318401ba8ff04a8676892ca79749c77"},
]
dnspython = [
    {file = "dnspython-2.2.1-py3-none-any.whl", hash = "sha256:a851e51367fb93e9e1361732c1d60dab63eff98712e503ea7d92e6eccb109b4f"},
    {file = "dnspython-2.2.1.tar.gz", hash = "sha256:0f7569a4a6ff151958b64304071d370daa3243d15941a7beedf0c9fe5105603e"},
]
idna = [
    {file = "idna-2.10-py2.py3-none-any.whl", hash = "sha256:b97d804b1e9b523befed77c48dacec60e6dcb0b5391d57af6a65a312a90648c0"},
    {file = "idna-2.10.tar.gz", hash = "sha256:b307872f855b18632ce0c21c5e45be78c0ea7ae4c15c828c20788b26921eb3f6"},
]
jmespath = [
    {file = "jmespath-1.0.0-py3-none-any.whl", hash = "sha256:e8dcd576ed616f14ec02eed0005c85973b5890083313860136657e24784e4c04"},
    {file = "jmespath-1.0.0.tar.gz", hash = "sha256:a490e280edd1f57d6de88636992d05b71e97d69a26a19f058ecf7d304474bf5e"},
]
localstack = [
    {file = "localstack-0.14.2.1-py3-none-any.whl", hash = "sha256:7f5fb85249f9ad42a2825914a326a15ac782669f2d05e3ea8889808b77740505"},
    {file = "localstack-0.14.2.1.tar.gz", hash = "sha256:2893ede1db93db7871ca922ab4e78caa7e6f0cb23b61a8a0625e1b5566a97faa"},
]
localstack-client = [
    {file = "localstack-client-1.35.tar.gz", hash = "sha256:f42a8cb0b16bab56e447058f06b4d583814d03be9687e8c7dac6cf35b7c2210b"},
]
localstack-ext = [
    {file = "localstack-ext-0.14.2.2.tar.gz", hash = "sha256:fb73f6653f0b896b90b181ac90ce64a0e1baa224f3711d3095e0385404ab2abc"},
]
more-itertools = [
    {file = "more-itertools-8.12.0.tar.gz", hash = "sha256:7dc6ad46f05f545f900dd59e8dfb4e84a4827b97b3cfecb175ea0c7d247f6064"},
    {file = "more_itertools-8.12.0-py3-none-any.whl", hash = "sha256:43e6dd9942dffd72661a2c4ef383ad7da1e6a3e968a927ad7a6083ab410a688b"},
]
ordered-set = [
    {file = "ordered-set-4.1.0.tar.gz", hash = "sha256:694a8e44c87657c59292ede72891eb91d34131f6531463aab3009191c77364a8"},
    {file = "ordered_set-4.1.0-py3-none-any.whl", hash = "sha256:046e1132c71fcf3330438a539928932caf51ddbc582496833e23de611de14562"},
]
packaging = [
    {file = "packaging-21.3-py3-none-any.whl", hash = "sha256:ef103e05f519cdc783ae24ea4e2e0f508a9c99b2d4969652eed6a2e1ea5bd522"},
    {file = "packaging-21.3.tar.gz", hash = "sha256:dd47c42927d89ab911e606518907cc2d3a1f38bbd026385970643f9c5b8ecfeb"},
]
pbr = [
    {file = "pbr-5.8.1-py2.py3-none-any.whl", hash = "sha256:27108648368782d07bbf1cb468ad2e2eeef29086affd14087a6d04b7de8af4ec"},
    {file = "pbr-5.8.1.tar.gz", hash = "sha256:66bc5a34912f408bb3925bf21231cb6f59206267b7f63f3503ef865c1a292e25"},
]
pluggy = [
    {file = "pluggy-0.13.1-py2.py3-none-any.whl", hash = "sha256:966c145cd83c96502c3c3868f50408687b38434af77734af1e9ca461a4081d2d"},
    {file = "pluggy-0.13.1.tar.gz", hash = "sha256:15b2acde666561e1298d71b523007ed7364de07029219b604cf808bfa1c765b0"},
]
plux = [
    {file = "plux-1.3.1-py3-none-any.whl", hash = "sha256:bd7962d9cb888b79cc1fa980950228d7460e9d60e0ff5e15d97c80c2fe4adc0a"},
    {file = "plux-1.3.1.tar.gz", hash = "sha256:49f8d0f372c80f315f1d36e897bfcd914b867ba7aaf701ed5931a6d873ae28d3"},
]
psutil = [
    {file = "psutil-5.9.0-cp27-cp27m-manylinux2010_i686.whl", hash = "sha256:55ce319452e3d139e25d6c3f85a1acf12d1607ddedea5e35fb47a552c051161b"},
    {file = "psutil-5.9.0-cp27-cp27m-manylinux2010_x86_64.whl", hash = "sha256:7336292a13a80eb93c21f36bde4328aa748a04b68c13d01dfddd67fc13fd0618"},
    {file = "psutil-5.9.0-cp27-cp27mu-manylinux2010_i686.whl", hash = "sha256:cb8d10461c1ceee0c25a64f2dd54872b70b89c26419e147a05a10b753ad36ec2"},
    {file = "psutil-5.9.0-cp27-cp27mu-manylinux2010_x86_64.whl", hash = "sha256:7641300de73e4909e5d148e90cc3142fb890079e1525a840cf0dfd39195239fd"},
    {file = "psutil-5.9.0-cp27-none-win32.whl", hash = "sha256:ea42d747c5f71b5ccaa6897b216a7dadb9f52c72a0fe2b872ef7d3e1eacf3ba3"},
    {file = "psutil-5.9.0-cp27-none-win_amd64.whl", hash = "sha256:ef216cc9feb60634bda2f341a9559ac594e2eeaadd0ba187a4c2eb5b5d40b91c"},
    {file = "psutil-5.9.0-cp310-cp310-macosx_10_9_x86_64.whl", hash = "sha256:90a58b9fcae2dbfe4ba852b57bd4a1dded6b990a33d6428c7614b7d48eccb492"},
    {file = "psutil-5.9.0-cp310-cp310-manylinux_2_12_i686.manylinux2010_i686.manylinux_2_17_i686.manylinux2014_i686.whl", hash = "sha256:ff0d41f8b3e9ebb6b6110057e40019a432e96aae2008951121ba4e56040b84f3"},
    {file = "psutil-5.9.0-cp310-cp310-manylinux_2_12_x86_64.manylinux2010_x86_64.manylinux_2_17_x86_64.manylinux2014_x86_64.whl", hash = "sha256:742c34fff804f34f62659279ed5c5b723bb0195e9d7bd9907591de9f8f6558e2"},
    {file = "psutil-5.9.0-cp310-cp310-win32.whl", hash = "sha256:8293942e4ce0c5689821f65ce6522ce4786d02af57f13c0195b40e1edb1db61d"},
    {file = "psutil-5.9.0-cp310-cp310-win_amd64.whl", hash = "sha256:9b51917c1af3fa35a3f2dabd7ba96a2a4f19df3dec911da73875e1edaf22a40b"},
    {file = "psutil-5.9.0-cp36-cp36m-macosx_10_9_x86_64.whl", hash = "sha256:e9805fed4f2a81de98ae5fe38b75a74c6e6ad2df8a5c479594c7629a1fe35f56"},
    {file = "psutil-5.9.0-cp36-cp36m-manylinux_2_12_i686.manylinux2010_i686.manylinux_2_17_i686.manylinux2014_i686.whl", hash = "sha256:c51f1af02334e4b516ec221ee26b8fdf105032418ca5a5ab9737e8c87dafe203"},
    {file = "psutil-5.9.0-cp36-cp36m-manylinux_2_12_x86_64.manylinux2010_x86_64.manylinux_2_17_x86_64.manylinux2014_x86_64.whl", hash = "sha256:32acf55cb9a8cbfb29167cd005951df81b567099295291bcfd1027365b36591d"},
    {file = "psutil-5.9.0-cp36-cp36m-win32.whl", hash = "sha256:e5c783d0b1ad6ca8a5d3e7b680468c9c926b804be83a3a8e95141b05c39c9f64"},
    {file = "psutil-5.9.0-cp36-cp36m-win_amd64.whl", hash = "sha256:d62a2796e08dd024b8179bd441cb714e0f81226c352c802fca0fd3f89eeacd94"},
    {file = "psutil-5.9.0-cp37-cp37m-macosx_10_9_x86_64.whl", hash = "sha256:3d00a664e31921009a84367266b35ba0aac04a2a6cad09c550a89041034d19a0"},
    {file = "psutil-5.9.0-cp37-cp37m-manylinux_2_12_i686.manylinux2010_i686.manylinux_2_17_i686.manylinux2014_i686.whl", hash = "sha256:7779be4025c540d1d65a2de3f30caeacc49ae7a2152108adeaf42c7534a115ce"},
    {file = "psutil-5.9.0-cp37-cp37m-manylinux_2_12_x86_64.manylinux2010_x86_64.manylinux_2_17_x86_64.manylinux2014_x86_64.whl", hash = "sha256:072664401ae6e7c1bfb878c65d7282d4b4391f1bc9a56d5e03b5a490403271b5"},
    {file = "psutil-5.9.0-cp37-cp37m-win32.whl", hash = "sha256:df2c8bd48fb83a8408c8390b143c6a6fa10cb1a674ca664954de193fdcab36a9"},
    {file = "psutil-5.9.0-cp37-cp37m-win_amd64.whl", hash = "sha256:1d7b433519b9a38192dfda962dd8f44446668c009833e1429a52424624f408b4"},
    {file = "psutil-5.9.0-cp38-cp38-macosx_10_9_x86_64.whl", hash = "sha256:c3400cae15bdb449d518545cbd5b649117de54e3596ded84aacabfbb3297ead2"},
    {file = "psutil-5.9.0-cp38-cp38-manylinux_2_12_i686.manylinux2010_i686.manylinux_2_17_i686.manylinux2014_i686.whl", hash = "sha256:b2237f35c4bbae932ee98902a08050a27821f8f6dfa880a47195e5993af4702d"},
    {file = "psutil-5.9.0-cp38-cp38-manylinux_2_12_x86_64.manylinux2010_x86_64.manylinux_2_17_x86_64.manylinux2014_x86_64.whl", hash = "sha256:1070a9b287846a21a5d572d6dddd369517510b68710fca56b0e9e02fd24bed9a"},
    {file = "psutil-5.9.0-cp38-cp38-win32.whl", hash = "sha256:76cebf84aac1d6da5b63df11fe0d377b46b7b500d892284068bacccf12f20666"},
    {file = "psutil-5.9.0-cp38-cp38-win_amd64.whl", hash = "sha256:3151a58f0fbd8942ba94f7c31c7e6b310d2989f4da74fcbf28b934374e9bf841"},
    {file = "psutil-5.9.0-cp39-cp39-macosx_10_9_x86_64.whl", hash = "sha256:539e429da49c5d27d5a58e3563886057f8fc3868a5547b4f1876d9c0f007bccf"},
    {file = "psutil-5.9.0-cp39-cp39-manylinux_2_12_i686.manylinux2010_i686.manylinux_2_17_i686.manylinux2014_i686.whl", hash = "sha256:58c7d923dc209225600aec73aa2c4ae8ea33b1ab31bc11ef8a5933b027476f07"},
    {file = "psutil-5.9.0-cp39-cp39-manylinux_2_12_x86_64.manylinux2010_x86_64.manylinux_2_17_x86_64.manylinux2014_x86_64.whl", hash = "sha256:3611e87eea393f779a35b192b46a164b1d01167c9d323dda9b1e527ea69d697d"},
    {file = "psutil-5.9.0-cp39-cp39-win32.whl", hash = "sha256:4e2fb92e3aeae3ec3b7b66c528981fd327fb93fd906a77215200404444ec1845"},
    {file = "psutil-5.9.0-cp39-cp39-win_amd64.whl", hash = "sha256:7d190ee2eaef7831163f254dc58f6d2e2a22e27382b936aab51c835fc080c3d3"},
    {file = "psutil-5.9.0.tar.gz", hash = "sha256:869842dbd66bb80c3217158e629d6fceaecc3a3166d3d1faee515b05dd26ca25"},
]
py = [
    {file = "py-1.11.0-py2.py3-none-any.whl", hash = "sha256:607c53218732647dff4acdfcd50cb62615cedf612e72d1724fb1a0cc6405b378"},
    {file = "py-1.11.0.tar.gz", hash = "sha256:51c75c4126074b472f746a24399ad32f6053d1b34b68d2fa41e558e6f4a98719"},
]
pyaes = [
    {file = "pyaes-1.6.1.tar.gz", hash = "sha256:02c1b1405c38d3c370b085fb952dd8bea3fadcee6411ad99f312cc129c536d8f"},
]
pygments = [
    {file = "Pygments-2.11.2-py3-none-any.whl", hash = "sha256:44238f1b60a76d78fc8ca0528ee429702aae011c265fe6a8dd8b63049ae41c65"},
    {file = "Pygments-2.11.2.tar.gz", hash = "sha256:4e426f72023d88d03b2fa258de560726ce890ff3b630f88c21cbb8b2503b8c6a"},
]
pyparsing = [
    {file = "pyparsing-3.0.8-py3-none-any.whl", hash = "sha256:ef7b523f6356f763771559412c0d7134753f037822dad1b16945b7b846f7ad06"},
    {file = "pyparsing-3.0.8.tar.gz", hash = "sha256:7bf433498c016c4314268d95df76c81b842a4cb2b276fa3312cfb1e1d85f6954"},
]
pytest = [
    {file = "pytest-5.4.3-py3-none-any.whl", hash = "sha256:5c0db86b698e8f170ba4582a492248919255fcd4c79b1ee64ace34301fb589a1"},
    {file = "pytest-5.4.3.tar.gz", hash = "sha256:7979331bfcba207414f5e1263b5a0f8f521d0f457318836a7355531ed1a4c7d8"},
]
python-dateutil = [
    {file = "python-dateutil-2.8.2.tar.gz", hash = "sha256:0123cacc1627ae19ddf3c27a5de5bd67ee4586fbdd6440d9748f8abb483d3e86"},
    {file = "python_dateutil-2.8.2-py2.py3-none-any.whl", hash = "sha256:961d03dc3453ebbc59dbdea9e4e11c5651520a876d0f4db161e8674aae935da9"},
]
python-dotenv = [
    {file = "python-dotenv-0.20.0.tar.gz", hash = "sha256:b7e3b04a59693c42c36f9ab1cc2acc46fa5df8c78e178fc33a8d4cd05c8d498f"},
    {file = "python_dotenv-0.20.0-py3-none-any.whl", hash = "sha256:d92a187be61fe482e4fd675b6d52200e7be63a12b724abbf931a40ce4fa92938"},
]
pyyaml = [
    {file = "PyYAML-6.0-cp310-cp310-macosx_10_9_x86_64.whl", hash = "sha256:d4db7c7aef085872ef65a8fd7d6d09a14ae91f691dec3e87ee5ee0539d516f53"},
    {file = "PyYAML-6.0-cp310-cp310-macosx_11_0_arm64.whl", hash = "sha256:9df7ed3b3d2e0ecfe09e14741b857df43adb5a3ddadc919a2d94fbdf78fea53c"},
    {file = "PyYAML-6.0-cp310-cp310-manylinux_2_17_aarch64.manylinux2014_aarch64.whl", hash = "sha256:77f396e6ef4c73fdc33a9157446466f1cff553d979bd00ecb64385760c6babdc"},
    {file = "PyYAML-6.0-cp310-cp310-manylinux_2_17_s390x.manylinux2014_s390x.whl", hash = "sha256:a80a78046a72361de73f8f395f1f1e49f956c6be882eed58505a15f3e430962b"},
    {file = "PyYAML-6.0-cp310-cp310-manylinux_2_5_x86_64.manylinux1_x86_64.manylinux_2_12_x86_64.manylinux2010_x86_64.whl", hash = "sha256:f84fbc98b019fef2ee9a1cb3ce93e3187a6df0b2538a651bfb890254ba9f90b5"},
    {file = "PyYAML-6.0-cp310-cp310-win32.whl", hash = "sha256:2cd5df3de48857ed0544b34e2d40e9fac445930039f3cfe4bcc592a1f836d513"},
    {file = "PyYAML-6.0-cp310-cp310-win_amd64.whl", hash = "sha256:daf496c58a8c52083df09b80c860005194014c3698698d1a57cbcfa182142a3a"},
    {file = "PyYAML-6.0-cp36-cp36m-macosx_10_9_x86_64.whl", hash = "sha256:897b80890765f037df3403d22bab41627ca8811ae55e9a722fd0392850ec4d86"},
    {file = "PyYAML-6.0-cp36-cp36m-manylinux_2_17_aarch64.manylinux2014_aarch64.whl", hash = "sha256:50602afada6d6cbfad699b0c7bb50d5ccffa7e46a3d738092afddc1f9758427f"},
    {file = "PyYAML-6.0-cp36-cp36m-manylinux_2_17_s390x.manylinux2014_s390x.whl", hash = "sha256:48c346915c114f5fdb3ead70312bd042a953a8ce5c7106d5bfb1a5254e47da92"},
    {file = "PyYAML-6.0-cp36-cp36m-manylinux_2_5_x86_64.manylinux1_x86_64.manylinux_2_12_x86_64.manylinux2010_x86_64.whl", hash = "sha256:98c4d36e99714e55cfbaaee6dd5badbc9a1ec339ebfc3b1f52e293aee6bb71a4"},
    {file = "PyYAML-6.0-cp36-cp36m-win32.whl", hash = "sha256:0283c35a6a9fbf047493e3a0ce8d79ef5030852c51e9d911a27badfde0605293"},
    {file = "PyYAML-6.0-cp36-cp36m-win_amd64.whl", hash = "sha256:07751360502caac1c067a8132d150cf3d61339af5691fe9e87803040dbc5db57"},
    {file = "PyYAML-6.0-cp37-cp37m-macosx_10_9_x86_64.whl", hash = "sha256:819b3830a1543db06c4d4b865e70ded25be52a2e0631ccd2f6a47a2822f2fd7c"},
    {file = "PyYAML-6.0-cp37-cp37m-manylinux_2_17_aarch64.manylinux2014_aarch64.whl", hash = "sha256:473f9edb243cb1935ab5a084eb238d842fb8f404ed2193a915d1784b5a6b5fc0"},
    {file = "PyYAML-6.0-cp37-cp37m-manylinux_2_17_s390x.manylinux2014_s390x.whl", hash = "sha256:0ce82d761c532fe4ec3f87fc45688bdd3a4c1dc5e0b4a19814b9009a29baefd4"},
    {file = "PyYAML-6.0-cp37-cp37m-manylinux_2_5_x86_64.manylinux1_x86_64.manylinux_2_12_x86_64.manylinux2010_x86_64.whl", hash = "sha256:231710d57adfd809ef5d34183b8ed1eeae3f76459c18fb4a0b373ad56bedcdd9"},
    {file = "PyYAML-6.0-cp37-cp37m-win32.whl", hash = "sha256:c5687b8d43cf58545ade1fe3e055f70eac7a5a1a0bf42824308d868289a95737"},
    {file = "PyYAML-6.0-cp37-cp37m-win_amd64.whl", hash = "sha256:d15a181d1ecd0d4270dc32edb46f7cb7733c7c508857278d3d378d14d606db2d"},
    {file = "PyYAML-6.0-cp38-cp38-macosx_10_9_x86_64.whl", hash = "sha256:0b4624f379dab24d3725ffde76559cff63d9ec94e1736b556dacdfebe5ab6d4b"},
    {file = "PyYAML-6.0-cp38-cp38-manylinux_2_17_aarch64.manylinux2014_aarch64.whl", hash = "sha256:213c60cd50106436cc818accf5baa1aba61c0189ff610f64f4a3e8c6726218ba"},
    {file = "PyYAML-6.0-cp38-cp38-manylinux_2_17_s390x.manylinux2014_s390x.whl", hash = "sha256:9fa600030013c4de8165339db93d182b9431076eb98eb40ee068700c9c813e34"},
    {file = "PyYAML-6.0-cp38-cp38-manylinux_2_5_x86_64.manylinux1_x86_64.manylinux_2_12_x86_64.manylinux2010_x86_64.whl", hash = "sha256:277a0ef2981ca40581a47093e9e2d13b3f1fbbeffae064c1d21bfceba2030287"},
    {file = "PyYAML-6.0-cp38-cp38-win32.whl", hash = "sha256:d4eccecf9adf6fbcc6861a38015c2a64f38b9d94838ac1810a9023a0609e1b78"},
    {file = "PyYAML-6.0-cp38-cp38-win_amd64.whl", hash = "sha256:1e4747bc279b4f613a09eb64bba2ba602d8a6664c6ce6396a4d0cd413a50ce07"},
    {file = "PyYAML-6.0-cp39-cp39-macosx_10_9_x86_64.whl", hash = "sha256:055d937d65826939cb044fc8c9b08889e8c743fdc6a32b33e2390f66013e449b"},
    {file = "PyYAML-6.0-cp39-cp39-macosx_11_0_arm64.whl", hash = "sha256:e61ceaab6f49fb8bdfaa0f92c4b57bcfbea54c09277b1b4f7ac376bfb7a7c174"},
    {file = "PyYAML-6.0-cp39-cp39-manylinux_2_17_aarch64.manylinux2014_aarch64.whl", hash = "sha256:d67d839ede4ed1b28a4e8909735fc992a923cdb84e618544973d7dfc71540803"},
    {file = "PyYAML-6.0-cp39-cp39-manylinux_2_17_s390x.manylinux2014_s390x.whl", hash = "sha256:cba8c411ef271aa037d7357a2bc8f9ee8b58b9965831d9e51baf703280dc73d3"},
    {file = "PyYAML-6.0-cp39-cp39-manylinux_2_5_x86_64.manylinux1_x86_64.manylinux_2_12_x86_64.manylinux2010_x86_64.whl", hash = "sha256:40527857252b61eacd1d9af500c3337ba8deb8fc298940291486c465c8b46ec0"},
    {file = "PyYAML-6.0-cp39-cp39-win32.whl", hash = "sha256:b5b9eccad747aabaaffbc6064800670f0c297e52c12754eb1d976c57e4f74dcb"},
    {file = "PyYAML-6.0-cp39-cp39-win_amd64.whl", hash = "sha256:b3d267842bf12586ba6c734f89d1f5b871df0273157918b0ccefa29deb05c21c"},
    {file = "PyYAML-6.0.tar.gz", hash = "sha256:68fb519c14306fec9720a2a5b45bc9f0c8d1b9c72adf45c37baedfcd949c35a2"},
]
requests = [
    {file = "requests-2.25.1-py2.py3-none-any.whl", hash = "sha256:c210084e36a42ae6b9219e00e48287def368a26d03a048ddad7bfee44f75871e"},
    {file = "requests-2.25.1.tar.gz", hash = "sha256:27973dd4a904a4f13b263a19c866c13b92a39ed1c964655f025f3f8d3d75b804"},
]
rich = [
    {file = "rich-12.2.0-py3-none-any.whl", hash = "sha256:c50f3d253bc6a9bb9c79d61a26d510d74abdf1b16881260fab5edfc3edfb082f"},
    {file = "rich-12.2.0.tar.gz", hash = "sha256:ea74bc9dad9589d8eea3e3fd0b136d8bf6e428888955f215824c2894f0da8b47"},
]
s3transfer = [
    {file = "s3transfer-0.5.2-py3-none-any.whl", hash = "sha256:7a6f4c4d1fdb9a2b640244008e142cbc2cd3ae34b386584ef044dd0f27101971"},
    {file = "s3transfer-0.5.2.tar.gz", hash = "sha256:95c58c194ce657a5f4fb0b9e60a84968c808888aed628cd98ab8771fe1db98ed"},
]
semver = [
    {file = "semver-2.13.0-py2.py3-none-any.whl", hash = "sha256:ced8b23dceb22134307c1b8abfa523da14198793d9787ac838e70e29e77458d4"},
    {file = "semver-2.13.0.tar.gz", hash = "sha256:fa0fe2722ee1c3f57eac478820c3a5ae2f624af8264cbdf9000c980ff7f75e3f"},
]
six = [
    {file = "six-1.16.0-py2.py3-none-any.whl", hash = "sha256:8abb2f1d86890a2dfb989f9a77cfcfd3e47c2a354b01111771326f8aa26e0254"},
    {file = "six-1.16.0.tar.gz", hash = "sha256:1e61c37477a1626458e36f7b1d82aa5c9b094fa4802892072e49de9c60c4c926"},
]
stevedore = [
    {file = "stevedore-3.5.0-py3-none-any.whl", hash = "sha256:a547de73308fd7e90075bb4d301405bebf705292fa90a90fc3bcf9133f58616c"},
    {file = "stevedore-3.5.0.tar.gz", hash = "sha256:f40253887d8712eaa2bb0ea3830374416736dc8ec0e22f5a65092c1174c44335"},
]
tabulate = [
    {file = "tabulate-0.8.9-py3-none-any.whl", hash = "sha256:d7c013fe7abbc5e491394e10fa845f8f32fe54f8dc60c6622c6cf482d25d47e4"},
    {file = "tabulate-0.8.9.tar.gz", hash = "sha256:eb1d13f25760052e8931f2ef80aaf6045a6cceb47514db8beab24cded16f13a7"},
]
tailer = [
    {file = "tailer-0.4.1.tar.gz", hash = "sha256:78d60f23a1b8a2d32f400b3c8c06b01142ac7841b75d8a1efcb33515877ba531"},
]
typing-extensions = [
    {file = "typing_extensions-4.1.1-py3-none-any.whl", hash = "sha256:21c85e0fe4b9a155d0799430b0ad741cdce7e359660ccbd8b530613e8df88ce2"},
    {file = "typing_extensions-4.1.1.tar.gz", hash = "sha256:1a9462dcc3347a79b1f1c0271fbe79e844580bb598bafa1ed208b94da3cdcd42"},
]
urllib3 = [
    {file = "urllib3-1.26.9-py2.py3-none-any.whl", hash = "sha256:44ece4d53fb1706f667c9bd1c648f5469a2ec925fcf3a776667042d645472c14"},
    {file = "urllib3-1.26.9.tar.gz", hash = "sha256:aabaf16477806a5e1dd19aa41f8c2b7950dd3c746362d7e3223dbe6de6ac448e"},
]
wcwidth = [
    {file = "wcwidth-0.2.5-py2.py3-none-any.whl", hash = "sha256:beb4802a9cebb9144e99086eff703a642a13d6a0052920003a230f3294bbe784"},
    {file = "wcwidth-0.2.5.tar.gz", hash = "sha256:c4d647b99872929fdb7bdcaa4fbe7f01413ed3d98077df798530e5b04f116c83"},
]
